{
  "name": "maybe-boudha",
  "version": "0.1.0",
  "lockfileVersion": 3,
  "requires": true,
  "packages": {
    "": {
      "name": "maybe-boudha",
      "version": "0.1.0",
      "dependencies": {
        "@react-three/fiber": "9.8.1",
        "@sparkjsdev/spark": "2.2.0",
        "react": "19.3.0",
        "react-dom": "19.3.0",
        "three": "0.186.0"
      },
      "devDependencies": {
        "@testing-library/dom": "10.4.2",
        "@testing-library/react": "16.3.3",
        "@types/react": "19.3.0",
        "@types/react-dom": "19.3.0",
        "@types/three": "0.186.0",
        "@vitejs/plugin-react": "6.1.1",
        "jsdom": "30.1.0",
        "typescript": "7.0.2",
        "vite": "8.3.1",
        "vitest": "5.0.2"
      },
      "engines": {
        "node": ">=24"
      }
    },
    "node_modules/@asamuzakjp/css-color": {
      "version": "7.1.0",
      "resolved": "https://registry.npmjs.org/@asamuzakjp/css-color/-/css-color-7.1.0.tgz",
      "integrity": "sha512-s6vMrO4hds+skR2OMmdwSORZiiEbqhAjd56W/0gc/x4PYpTibh/ey5Oy9ywkZ+ycX9EgTcJruhE1T/KkbU7LNA==",
      "dev": true,
      "license": "MIT",
      "dependencies": {
        "@csstools/css-calc": "^3.4.1",
        "@csstools/css-color-parser": "^4.2.4",
        "@csstools/css-parser-algorithms": "^4.0.1",
        "@csstools/css-tokenizer": "^4.0.2",
        "lru-cache": "^11.5.3"
      },
      "engines": {
        "node": "^22.22.2 || ^24.15.0 || >=26.0.0"
      }
    },
    "node_modules/@asamuzakjp/dom-selector": {
      "version": "9.2.1",
      "resolved": "https://registry.npmjs.org/@asamuzakjp/dom-selector/-/dom-selector-9.2.1.tgz",
      "integrity": "sha512-NT4s3yZLjovPpliRpTvdsdzyPjqRqiCZj9MxnarBihbaY5MbAG7DWAJcrLlhmC7xKTNCXsTELcqB8YsqpLnUFQ==",
      "dev": true,
      "license": "MIT",
      "dependencies": {
        "bidi-js": "^1.1.0",
        "css-tree": "^3.2.1",
        "is-potential-custom-element-name": "^1.0.1",
        "lru-cache": "^11.5.3"
      },
      "engines": {
        "node": "^22.22.2 || ^24.15.0 || >=26.0.0"
      }
    },
    "node_modules/@babel/code-frame": {
      "version": "7.29.7",
      "resolved": "https://registry.npmjs.org/@babel/code-frame/-/code-frame-7.29.7.tgz",
      "integrity": "sha512-Aup7aUOfpbAUg2ROOJN6Iw5f9DMBlzu0mIkm/malLQFN/YQgO48wCj0Kxa3sEHJvPVFg7siR+qRInwXd2qhQKw==",
      "dev": true,
      "license": "MIT",
      "dependencies": {
        "@babel/helper-validator-identifier": "^7.29.7",
        "js-tokens": "^4.0.0",
        "picocolors": "^1.1.1"
      },
      "engines": {
        "node": ">=6.9.0"
      }
    },
    "node_modules/@babel/helper-validator-identifier": {
      "version": "7.29.7",
      "resolved": "https://registry.npmjs.org/@babel/helper-validator-identifier/-/helper-validator-identifier-7.29.7.tgz",
      "integrity": "sha512-qehxGkRj55h/ff8EMaJ+cYhyaKlHIxqYDn682wQD7RNp9UujOQsHog2uS0r2vzr4pW+sXf90NeeayjcNaX3fFg==",
      "dev": true,
      "license": "MIT",
      "engines": {
        "node": ">=6.9.0"
      }
    },
    "node_modules/@babel/runtime": {
      "version": "7.29.7",
      "resolved": "https://registry.npmjs.org/@babel/runtime/-/runtime-7.29.7.tgz",
      "integrity": "sha512-Nq8OhGWiZIZGV6hLHoyAKLLcJihP/xFeBMGJoUrxTX2psI8dCifzLhZISFb+VWS3wFMRDmCGw5R+dOySCqPLhw==",
      "license": "MIT",
      "engines": {
        "node": ">=6.9.0"
      }
    },
    "node_modules/@bramus/specificity": {
      "version": "2.4.2",
      "resolved": "https://registry.npmjs.org/@bramus/specificity/-/specificity-2.4.2.tgz",
      "integrity": "sha512-ctxtJ/eA+t+6q2++vj5j7FYX3nRu311q1wfYH3xjlLOsczhlhxAg2FWNUXhpGvAw3BWo1xBcvOV6/YLc2r5FJw==",
      "dev": true,
      "license": "MIT",
      "dependencies": {
        "css-tree": "^3.0.0"
      },
      "bin": {
        "specificity": "bin/cli.js"
      }
    },
    "node_modules/@csstools/color-helpers": {
      "version": "6.1.2",
      "resolved": "https://registry.npmjs.org/@csstools/color-helpers/-/color-helpers-6.1.2.tgz",
      "integrity": "sha512-grhRy3OKmniaAEKXMjua5z/EODX0MSqBGjunw8+j/3HQjOnahs2AGhvEOIYVUWcU6ScApbhLhVrQTX8XqrMrow==",
      "dev": true,
      "funding": [
        {
          "type": "github",
          "url": "https://github.com/sponsors/csstools"
        },
        {
          "type": "opencollective",
          "url": "https://opencollective.com/csstools"
        }
      ],
      "license": "MIT-0",
      "engines": {
        "node": ">=20.19.0"
      }
    },
    "node_modules/@csstools/css-calc": {
      "version": "3.4.1",
      "resolved": "https://registry.npmjs.org/@csstools/css-calc/-/css-calc-3.4.1.tgz",
      "integrity": "sha512-EtC7SoN1j6J4E4DCwg5QgbO5TGxgxIA1RXqe+W+qUM+BUcezx9wT+/tiQ/WO2yCX4i5X+Cuf9ciJ22aP4UEwWw==",
      "dev": true,
      "funding": [
        {
          "type": "github",
          "url": "https://github.com/sponsors/csstools"
        },
        {
          "type": "opencollective",
          "url": "https://opencollective.com/csstools"
        }
      ],
      "license": "MIT",
      "engines": {
        "node": ">=20.19.0"
      },
      "peerDependencies": {
        "@csstools/css-parser-algorithms": "^4.0.1",
        "@csstools/css-tokenizer": "^4.0.2"
      }
    },
    "node_modules/@csstools/css-color-parser": {
      "version": "4.2.4",
      "resolved": "https://registry.npmjs.org/@csstools/css-color-parser/-/css-color-parser-4.2.4.tgz",
      "integrity": "sha512-DyefytAZ735mX4Dq/WcDAXFtXhaEFvme0ZS9tVEBAc2whxUthXr0R0L2rmEPm59SrMBkGrFzQviBXMs/UtnABQ==",
      "dev": true,
      "funding": [
        {
          "type": "github",
          "url": "https://github.com/sponsors/csstools"
        },
        {
          "type": "opencollective",
          "url": "https://opencollective.com/csstools"
        }
      ],
      "license": "MIT",
      "dependencies": {
        "@csstools/color-helpers": "^6.1.2",
        "@csstools/css-calc": "^3.4.1"
      },
      "engines": {
        "node": ">=20.19.0"
      },
      "peerDependencies": {
        "@csstools/css-parser-algorithms": "^4.0.1",
        "@csstools/css-tokenizer": "^4.0.2"
      }
    },
    "node_modules/@csstools/css-parser-algorithms": {
      "version": "4.0.1",
      "resolved": "https://registry.npmjs.org/@csstools/css-parser-algorithms/-/css-parser-algorithms-4.0.1.tgz",
      "integrity": "sha512-ShL8BqPfbKJrJiKFH0xBbN0i7Nrh9HXYRuF+pzyj93R/BL2YAsUxJeqANErzqM+0JGl7vjHp+3OIgd/DL69YIA==",
      "dev": true,
      "funding": [
        {
          "type": "github",
          "url": "https://github.com/sponsors/csstools"
        },
        {
          "type": "opencollective",
          "url": "https://opencollective.com/csstools"
        }
      ],
      "license": "MIT",
      "engines": {
        "node": ">=20.19.0"
      },
      "peerDependencies": {
        "@csstools/css-tokenizer": "^4.0.2"
      }
    },
    "node_modules/@csstoools/css-syntax-patches-for-csstree": {
      "version": "1.1.14",
      "resolved": "https://registry.npmjs.org/@csstools/css-syntax-patches-for-csstree/-/css-syntax-patches-for-csstree-1.1.14.tgz",
      "integrity": "sha512-HpbVXyrofRXpHpkgNIjU/3EWR4WJvOkO3emNK/L6X/mTJU7bGUI3AkkpoTNXZnQLp0KRjLHELTGeKI5dIkI9DQ==",
      "dev": true,
      "funding": [
        {
          "type": "github",
          "url": "https://github.com/sponsors/csstools"
        },
        {
          "type": "opencollective",
          "url": "https://opencollective.com/csstools"
        }
      ],
      "license": "MIT-0",
      "peerDependencies": {
        "css8]4T4 1NDÁH„